
Microsoft Visual Studio Solution File, Format Version 12.00
# Visual Studio Version 17
VisualStudioVersion = 17.13.35931.197
MinimumVisualStudioVersion = 10.0.40219.1
Project("{FAE04EC0-301F-11D3-BF4B-00C04F79EFBC}") = "TetrisClient", "TetrisClient\TetrisClient.csproj", "{F1B13BCF-AC15-4026-879D-1F5E176CA717}"
EndProject
Project("{FAE04EC0-301F-11D3-BF4B-00C04F79EFBC}") = "TetrisServer", "TetrisServer\TetrisServer.csproj", "{749E7CE0-F4F1-4119-9313-C5BB981C76E6}"
EndProject
Project("{FAE04EC0-301F-11D3-BF4B-00C04F79EFBC}") = "Shared", "Shared\Shared.csproj", "{C39C86E3-D9B5-43C0-AA86-56E145114028}"
EndProject
Global
	GlobalSection(SolutionConfigurationPlatforms) = preSolution
		Debug|Any CPU = Debug|Any CPU
		Release|Any CPU = Release|Any CPU
	EndGlobalSection
	GlobalSection(ProjectConfigurationPlatforms) = postSolution
		{F1B13BCF-AC15-4026-879D-1F5E176CA717}.Debug|Any CPU.ActiveCfg = Debug|Any CPU
		{F1B13BCF-AC15-4026-879D-1F5E176CA717}.Debug|Any CPU.Build.0 = Debug|Any CPU
		{F1B13BCF-AC15-4026-879D-1F5E176CA717}.Release|Any CPU.ActiveCfg = Release|Any CPU
		{F1B13BCF-AC15-4026-879D-1F5E176CA717}.Release|Any CPU.Build.0 = Release|Any CPU
		{749E7CE0-F4F1-4119-9313-C5BB981C76E6}.Debug|Any CPU.ActiveCfg = Debug|Any CPU
		{749E7CE0-F4F1-4119-9313-C5BB981C76E6}.Debug|Any CPU.Build.0 = Debug|Any CPU
		{749E7CE0-F4F1-4119-9313-C5BB981C76E6}.Release|Any CPU.ActiveCfg = Release|Any CPU
		{749E7CE0-F4F1-4119-9313-C5BB981C76E6}.Release|Any CPU.Build.0 = Release|Any CPU
		{C39C86E3-D9B5-43C0-AA86-56E145114028}.Debug|Any CPU.ActiveCfg = Debug|Any CPU
		{C39C86E3-D9B5-43C0-AA86-56E145114028}.Debug|Any CPU.Build.0 = Debug|Any CPU
		{C39C86E3-D9B5-43C0-AA86-56E145114028}.Release|Any CPU.ActiveCfg = Release|Any CPU
		{C39C86E3-D9B5-43C0-AA86-56E145114028}.Release|Any CPU.Build.0 = Release|Any CPU
	EndGlobalSection
	GlobalSection(SolutionProperties) = preSolution
		HideSolutionNode = FALSE
	EndGlobalSection
	GlobalSection(ExtensibilityGlobals) = postSolution
		SolutionGuid = {B3B6EF61-A0A9-4935-AE76-ABF2E8FC20CA}
	EndGlobalSection
EndGlobal
