<?xml version="1.0" encoding="utf-8"?>
<Project ToolsVersion="4.0" xmlns="http://schemas.microsoft.com/developer/msbuild/2003">
  <ItemGroup>
    <Filter Include="include">
      <UniqueIdentifier>{8b2aba6e-19ba-4a42-8b14-7526ad02d514}</UniqueIdentifier>
    </Filter>
    <Filter Include="src">
      <UniqueIdentifier>{e39c2d8d-8940-45a0-9e3e-ee69dd0ca2e5}</UniqueIdentifier>
    </Filter>
  </ItemGroup>
  <ItemGroup>
    <ClCompile Include="src\ServerMain.cpp">
      <Filter>src</Filter>
    </ClCompile>
  </ItemGroup>
</Project>